Microsoft Visual Studio Solution File, Format Version 12.00
# Visual Studio Version 17
VisualStudioVersion = 17.9.34616.47
MinimumVisualStudioVersion = 10.0.40219.1
Project("{8BC9CEB8-8B4A-11D0-8D11-00A0C91BC942}") = "RPCDefinitions", "RPCDefinitions\RPCDefinitions.vcxproj", "{6536EBEC-014E-4D6B-97BE-223137694CA8}"
EndProject
Project("{8BC9CEB8-8B4A-11D0-8D11-00A0C91BC942}") = "AttestationService", "AttestationService\AttestationService.vcxproj", "{758DB128-9123-4E1B-A6C3-47323714123A}"
EndProject
Project("{8BC9CEB8-8B4A-11D0-8D11-00A0C91BC942}") = "ClientApp", "ClientApp\ClientApp.vcxproj", "{758DB129-9123-4E1B-A6C3-47323714123A}"
EndProject
Project("{8BC9CEB8-8B4A-11D0-8D11-00A0C91BC942}") = "TpmLibrary", "TpmLibrary\TpmLibrary.vcxproj", "{6CE39D5D-FCAE-4EB1-8682-052AF175E348}"
EndProject
Project("{8BC9CEB8-8B4A-11D0-8D11-00A0C91BC942}") = "AttestationLibrary", "AttestationLibrary\AttestationLibrary.vcxproj", "{5D6B36CE-A358-4D03-B54F-3A78336789D8}"
EndProject
Project("{8BC9CEB8-8B4A-11D0-8D11-00A0C91BC942}") = "AppAttestationDriver", "AppAttestationDriver\AppAttestationDriver.vcxproj", "{48986F18-5A67-4733-A6B7-2807D43309A9}"
EndProject
Project("{8BC9CEB8-8B4A-11D0-8D11-00A0C91BC942}") = "RemoteServer", "RemoteServer\RemoteServer.vcxproj", "{9B5F50F0-B65D-4F57-8FA3-98E3A466B6AB}"
EndProject
Global
	GlobalSection(SolutionConfigurationPlatforms) = preSolution
		Debug|ARM64 = Debug|ARM64
		Debug|Win32 = Debug|Win32
		Debug|x64 = Debug|x64
		Release|ARM64 = Release|ARM64
		Release|Win32 = Release|Win32
		Release|x64 = Release|x64
	EndGlobalSection
	GlobalSection(ProjectConfigurationPlatforms) = postSolution
		{6536EBEC-014E-4D6B-97BE-223137694CA8}.Debug|ARM64.ActiveCfg = Debug|Win32
		{6536EBEC-014E-4D6B-97BE-223137694CA8}.Debug|ARM64.Build.0 = Debug|Win32
		{6536EBEC-014E-4D6B-97BE-223137694CA8}.Debug|Win32.ActiveCfg = Debug|Win32
		{6536EBEC-014E-4D6B-97BE-223137694CA8}.Debug|Win32.Build.0 = Debug|Win32
		{6536EBEC-014E-4D6B-97BE-223137694CA8}.Debug|x64.ActiveCfg = Debug|Win32
		{6536EBEC-014E-4D6B-97BE-223137694CA8}.Debug|x64.Build.0 = Debug|Win32
		{6536EBEC-014E-4D6B-97BE-223137694CA8}.Release|ARM64.ActiveCfg = Release|Win32
		{6536EBEC-014E-4D6B-97BE-223137694CA8}.Release|ARM64.Build.0 = Release|Win32
		{6536EBEC-014E-4D6B-97BE-223137694CA8}.Release|Win32.ActiveCfg = Release|Win32
		{6536EBEC-014E-4D6B-97BE-223137694CA8}.Release|Win32.Build.0 = Release|Win32
		{6536EBEC-014E-4D6B-97BE-223137694CA8}.Release|x64.ActiveCfg = Release|Win32
		{6536EBEC-014E-4D6B-97BE-223137694CA8}.Release|x64.Build.0 = Release|Win32
		{758DB128-9123-4E1B-A6C3-47323714123A}.Debug|ARM64.ActiveCfg = Debug|Win32
		{758DB128-9123-4E1B-A6C3-47323714123A}.Debug|ARM64.Build.0 = Debug|Win32
		{758DB128-9123-4E1B-A6C3-47323714123A}.Debug|Win32.ActiveCfg = Debug|Win32
		{758DB128-9123-4E1B-A6C3-47323714123A}.Debug|Win32.Build.0 = Debug|Win32
		{758DB128-9123-4E1B-A6C3-47323714123A}.Debug|x64.ActiveCfg = Debug|Win32
		{758DB128-9123-4E1B-A6C3-47323714123A}.Debug|x64.Build.0 = Debug|Win32
		{758DB128-9123-4E1B-A6C3-47323714123A}.Release|ARM64.ActiveCfg = Release|Win32
		{758DB128-9123-4E1B-A6C3-47323714123A}.Release|ARM64.Build.0 = Release|Win32
		{758DB128-9123-4E1B-A6C3-47323714123A}.Release|Win32.ActiveCfg = Release|Win32
		{758DB128-9123-4E1B-A6C3-47323714123A}.Release|Win32.Build.0 = Release|Win32
		{758DB128-9123-4E1B-A6C3-47323714123A}.Release|x64.ActiveCfg = Release|Win32
		{758DB128-9123-4E1B-A6C3-47323714123A}.Release|x64.Build.0 = Release|Win32
		{758DB129-9123-4E1B-A6C3-47323714123A}.Debug|ARM64.ActiveCfg = Debug|Win32
		{758DB129-9123-4E1B-A6C3-47323714123A}.Debug|ARM64.Build.0 = Debug|Win32
		{758DB129-9123-4E1B-A6C3-47323714123A}.Debug|Win32.ActiveCfg = Debug|Win32
		{758DB129-9123-4E1B-A6C3-47323714123A}.Debug|Win32.Build.0 = Debug|Win32
		{758DB129-9123-4E1B-A6C3-47323714123A}.Debug|x64.ActiveCfg = Debug|Win32
		{758DB129-9123-4E1B-A6C3-47323714123A}.Debug|x64.Build.0 = Debug|Win32
		{758DB129-9123-4E1B-A6C3-47323714123A}.Release|ARM64.ActiveCfg = Release|Win32
		{758DB129-9123-4E1B-A6C3-47323714123A}.Release|ARM64.Build.0 = Release|Win32
		{758DB129-9123-4E1B-A6C3-47323714123A}.Release|Win32.ActiveCfg = Release|Win32
		{758DB129-9123-4E1B-A6C3-47323714123A}.Release|Win32.Build.0 = Release|Win32
		{758DB129-9123-4E1B-A6C3-47323714123A}.Release|x64.ActiveCfg = Release|Win32
		{758DB129-9123-4E1B-A6C3-47323714123A}.Release|x64.Build.0 = Release|Win32
		{6CE39D5D-FCAE-4EB1-8682-052AF175E348}.Debug|ARM64.ActiveCfg = Debug|x64
		{6CE39D5D-FCAE-4EB1-8682-052AF175E348}.Debug|ARM64.Build.0 = Debug|x64
		{6CE39D5D-FCAE-4EB1-8682-052AF175E348}.Debug|Win32.ActiveCfg = Debug|Win32
		{6CE39D5D-FCAE-4EB1-8682-052AF175E348}.Debug|Win32.Build.0 = Debug|Win32
		{6CE39D5D-FCAE-4EB1-8682-052AF175E348}.Debug|x64.ActiveCfg = Debug|x64
		{6CE39D5D-FCAE-4EB1-8682-052AF175E348}.Debug|x64.Build.0 = Debug|x64
		{6CE39D5D-FCAE-4EB1-8682-052AF175E348}.Release|ARM64.ActiveCfg = Release|x64
		{6CE39D5D-FCAE-4EB1-8682-052AF175E348}.Release|ARM64.Build.0 = Release|x64
		{6CE39D5D-FCAE-4EB1-8682-052AF175E348}.Release|Win32.ActiveCfg = Release|Win32
		{6CE39D5D-FCAE-4EB1-8682-052AF175E348}.Release|Win32.Build.0 = Release|Win32
		{6CE39D5D-FCAE-4EB1-8682-052AF175E348}.Release|x64.ActiveCfg = Release|x64
		{6CE39D5D-FCAE-4EB1-8682-052AF175E348}.Release|x64.Build.0 = Release|x64
		{5D6B36CE-A358-4D03-B54F-3A78336789D8}.Debug|ARM64.ActiveCfg = Debug|x64
		{5D6B36CE-A358-4D03-B54F-3A78336789D8}.Debug|ARM64.Build.0 = Debug|x64
		{5D6B36CE-A358-4D03-B54F-3A78336789D8}.Debug|Win32.ActiveCfg = Debug|Win32
		{5D6B36CE-A358-4D03-B54F-3A78336789D8}.Debug|Win32.Build.0 = Debug|Win32
		{5D6B36CE-A358-4D03-B54F-3A78336789D8}.Debug|x64.ActiveCfg = Debug|x64
		{5D6B36CE-A358-4D03-B54F-3A78336789D8}.Debug|x64.Build.0 = Debug|x64
		{5D6B36CE-A358-4D03-B54F-3A78336789D8}.Release|ARM64.ActiveCfg = Release|x64
		{5D6B36CE-A358-4D03-B54F-3A78336789D8}.Release|ARM64.Build.0 = Release|x64
		{5D6B36CE-A358-4D03-B54F-3A78336789D8}.Release|Win32.ActiveCfg = Release|Win32
		{5D6B36CE-A358-4D03-B54F-3A78336789D8}.Release|Win32.Build.0 = Release|Win32
		{5D6B36CE-A358-4D03-B54F-3A78336789D8}.Release|x64.ActiveCfg = Release|x64
		{5D6B36CE-A358-4D03-B54F-3A78336789D8}.Release|x64.Build.0 = Release|x64
		{48986F18-5A67-4733-A6B7-2807D43309A9}.Debug|ARM64.ActiveCfg = Debug|ARM64
		{48986F18-5A67-4733-A6B7-2807D43309A9}.Debug|ARM64.Build.0 = Debug|ARM64
		{48986F18-5A67-4733-A6B7-2807D43309A9}.Debug|ARM64.Deploy.0 = Debug|ARM64
		{48986F18-5A67-4733-A6B7-2807D43309A9}.Debug|Win32.ActiveCfg = Debug|x64
		{48986F18-5A67-4733-A6B7-2807D43309A9}.Debug|Win32.Build.0 = Debug|x64
		{48986F18-5A67-4733-A6B7-2807D43309A9}.Debug|Win32.Deploy.0 = Debug|x64
		{48986F18-5A67-4733-A6B7-2807D43309A9}.Debug|x64.ActiveCfg = Debug|x64
		{48986F18-5A67-4733-A6B7-2807D43309A9}.Debug|x64.Build.0 = Debug|x64
		{48986F18-5A67-4733-A6B7-2807D43309A9}.Debug|x64.Deploy.0 = Debug|x64
		{48986F18-5A67-4733-A6B7-2807D43309A9}.Release|ARM64.ActiveCfg = Release|ARM64
		{48986F18-5A67-4733-A6B7-2807D43309A9}.Release|ARM64.Build.0 = Release|ARM64
		{48986F18-5A67-4733-A6B7-2807D43309A9}.Release|ARM64.Deploy.0 = Release|ARM64
		{48986F18-5A67-4733-A6B7-2807D43309A9}.Release|Win32.ActiveCfg = Release|x64
		{48986F18-5A67-4733-A6B7-2807D43309A9}.Release|Win32.Build.0 = Release|x64
		{48986F18-5A67-4733-A6B7-2807D43309A9}.Release|Win32.Deploy.0 = Release|x64
		{48986F18-5A67-4733-A6B7-2807D43309A9}.Release|x64.ActiveCfg = Release|x64
		{48986F18-5A67-4733-A6B7-2807D43309A9}.Release|x64.Build.0 = Release|x64
		{48986F18-5A67-4733-A6B7-2807D43309A9}.Release|x64.Deploy.0 = Release|x64
		{9B5F50F0-B65D-4F57-8FA3-98E3A466B6AB}.Debug|ARM64.ActiveCfg = Debug|x64
		{9B5F50F0-B65D-4F57-8FA3-98E3A466B6AB}.Debug|ARM64.Build.0 = Debug|x64
		{9B5F50F0-B65D-4F57-8FA3-98E3A466B6AB}.Debug|Win32.ActiveCfg = Debug|Win32
		{9B5F50F0-B65D-4F57-8FA3-98E3A466B6AB}.Debug|Win32.Build.0 = Debug|Win32
		{9B5F50F0-B65D-4F57-8FA3-98E3A466B6AB}.Debug|x64.ActiveCfg = Debug|x64
		{9B5F50F0-B65D-4F57-8FA3-98E3A466B6AB}.Debug|x64.Build.0 = Debug|x64
		{9B5F50F0-B65D-4F57-8FA3-98E3A466B6AB}.Release|ARM64.ActiveCfg = Release|x64
		{9B5F50F0-B65D-4F57-8FA3-98E3A466B6AB}.Release|ARM64.Build.0 = Release|x64
		{9B5F50F0-B65D-4F57-8FA3-98E3A466B6AB}.Release|Win32.ActiveCfg = Release|Win32
		{9B5F50F0-B65D-4F57-8FA3-98E3A466B6AB}.Release|Win32.Build.0 = Release|Win32
		{9B5F50F0-B65D-4F57-8FA3-98E3A466B6AB}.Release|x64.ActiveCfg = Release|x64
		{9B5F50F0-B65D-4F57-8FA3-98E3A466B6AB}.Release|x64.Build.0 = Release|x64
	EndGlobalSection
	GlobalSection(SolutionProperties) = preSolution
		HideSolutionNode = FALSE
	EndGlobalSection
	GlobalSection(ExtensibilityGlobals) = postSolution
		SolutionGuid = {B0A48D07-D21E-4405-B751-9A157E8320A4}
	EndGlobalSection
EndGlobal
